
Microsoft Visual Studio Solution File, Format Version 12.00
# Visual Studio Version 17
VisualStudioVersion = 17.5.002.0
MinimumVisualStudioVersion = 10.0.40219.1
Project("{9A19103F-16F7-4668-BE54-9A1E7A4F7556}") = "MvcMovie", "MvcMovie.csproj", "{585D0263-9A8B-4085-9D81-BFEA13E652B9}"
EndProject
Global
	GlobalSection(SolutionConfigurationPlatforms) = preSolution
		Debug|Any CPU = Debug|Any CPU
		Release|Any CPU = Release|Any CPU
	EndGlobalSection
	GlobalSection(ProjectConfigurationPlatforms) = postSolution
		{585D0263-9A8B-4085-9D81-BFEA13E652B9}.Debug|Any CPU.ActiveCfg = Debug|Any CPU
		{585D0263-9A8B-4085-9D81-BFEA13E652B9}.Debug|Any CPU.Build.0 = Debug|Any CPU
		{585D0263-9A8B-4085-9D81-BFEA13E652B9}.Release|Any CPU.ActiveCfg = Release|Any CPU
		{585D0263-9A8B-4085-9D81-BFEA13E652B9}.Release|Any CPU.Build.0 = Release|Any CPU
	EndGlobalSection
	GlobalSection(SolutionProperties) = preSolution
		HideSolutionNode = FALSE
	EndGlobalSection
	GlobalSection(ExtensibilityGlobals) = postSolution
		SolutionGuid = {3D0255D9-B9CE-40A8-8C53-36C06A2E1018}
	EndGlobalSection
EndGlobal
